{
    "hash": "b12136a2612041483c3c109a8d44d51a",
    "packages": [
        {
            "name": "fabpot/goutte",
            "version": "dev-master",
            "source": {
                "type": "git",
                "url": "https://github.com/fabpot/Goutte",
                "reference": "f2940f9c7c1f409159f5e9f512e575946c5cff48"
            },
            "dist": {
                "type": "zip",
                "url": "https://github.com/fabpot/Goutte/zipball/f2940f9c7c1f409159f5e9f512e575946c5cff48",
                "reference": "f2940f9c7c1f409159f5e9f512e575946c5cff48",
                "shasum": ""
            },
            "require": {
                "php": ">=5.3.0",
                "symfony/browser-kit": "2.1.*",
                "symfony/css-selector": "2.1.*",
                "symfony/dom-crawler": "2.1.*",
                "symfony/finder": "2.1.*",
                "symfony/process": "2.1.*",
                "ext-curl": "*",
                "guzzle/http": "2.8.*"
            },
            "time": "1351086217",
            "type": "application",
            "extra": {
                "branch-alias": {
                    "dev-master": "1.0-dev"
                }
            },
            "installation-source": "source",
            "autoload": {
                "psr-0": {
                    "Goutte": "."
                }
            },
            "license": [
                "MIT"
            ],
            "authors": [
                {
                    "name": "Fabien Potencier",
                    "email": "fabien@symfony.com"
                }
            ],
            "description": "A simple PHP Web Scraper",
            "homepage": "https://github.com/fabpot/Goutte",
            "keywords": [
                "scraper"
            ]
        },
        {
            "name": "guzzle/common",
            "version": "v2.8.8",
            "target-dir": "Guzzle/Common",
            "source": {
                "type": "git",
                "url": "git://github.com/guzzle/common.git",
                "reference": "v2.8.8"
            },
            "dist": {
                "type": "zip",
                "url": "https://github.com/guzzle/common/zipball/v2.8.8",
                "reference": "v2.8.8",
                "shasum": ""
            },
            "require": {
                "php": ">=5.3.2",
                "symfony/event-dispatcher": "2.1.*"
            },
            "time": "2012-10-15 17:42:47",
            "type": "library",
            "installation-source": "dist",
            "autoload": {
                "psr-0": {
                    "Guzzle\\Common": ""
                }
            },
            "license": [
                "MIT"
            ],
            "description": "Common libraries used by Guzzle",
            "homepage": "http://guzzlephp.org/",
            "keywords": [
                "log",
                "event",
                "cache",
                "validation",
                "Socket",
                "common",
                "batch",
                "inflection"
            ]
        },
        {
            "name": "guzzle/http",
            "version": "v2.8.8",
            "target-dir": "Guzzle/Http",
            "source": {
                "type": "git",
                "url": "git://github.com/guzzle/http.git",
                "reference": "v2.8.8"
            },
            "dist": {
                "type": "zip",
                "url": "https://github.com/guzzle/http/zipball/v2.8.8",
                "reference": "v2.8.8",
                "shasum": ""
            },
            "require": {
                "php": ">=5.3.2",
                "guzzle/common": "self.version",
                "guzzle/parser": "self.version"
            },
            "time": "2012-10-15 17:42:47",
            "type": "library",
            "installation-source": "dist",
            "autoload": {
                "psr-0": {
                    "Guzzle\\Http": ""
                }
            },
            "license": [
                "MIT"
            ],
            "description": "HTTP libraries used by Guzzle",
            "homepage": "http://guzzlephp.org/",
            "keywords": [
                "curl",
                "http",
                "http client",
                "client",
                "Guzzle"
            ]
        },
        {
            "name": "guzzle/parser",
            "version": "v2.8.8",
            "target-dir": "Guzzle/Parser",
            "source": {
                "type": "git",
                "url": "git://github.com/guzzle/parser.git",
                "reference": "v2.8.8"
            },
            "dist": {
                "type": "zip",
                "url": "https://github.com/guzzle/parser/zipball/v2.8.8",
                "reference": "v2.8.8",
                "shasum": ""
            },
            "require": {
                "php": ">=5.3.2"
            },
            "time": "2012-09-20 13:28:06",
            "type": "library",
            "installation-source": "dist",
            "autoload": {
                "psr-0": {
                    "Guzzle\\Parser": ""
                }
            },
            "license": [
                "MIT"
            ],
            "description": "Interchangeable parsers used by Guzzle",
            "homepage": "http://guzzlephp.org/",
            "keywords": [
                "http",
                "url",
                "message",
                "cookie",
                "URI Template"
            ]
        },
        {
            "name": "madalynn/growl",
            "version": "dev-master",
            "source": {
                "type": "git",
                "url": "https://github.com/aerialls/Growl",
                "reference": "75d0a25cfece91448a8df6cffb0bb4a5ab0aa33a"
            },
            "dist": {
                "type": "zip",
                "url": "https://github.com/aerialls/Growl/zipball/75d0a25cfece91448a8df6cffb0bb4a5ab0aa33a",
                "reference": "75d0a25cfece91448a8df6cffb0bb4a5ab0aa33a",
                "shasum": ""
            },
            "time": "1343899954",
            "type": "library",
            "installation-source": "source",
            "autoload": {
                "psr-0": {
                    "Madalynn\\Growl": "src/"
                }
            },
            "license": [
                "MIT"
            ],
            "authors": [
                {
                    "name": "Julien Brochet",
                    "email": "mewt@madalynn.eu",
                    "homepage": "http://julien.brochet.me",
                    "role": null
                }
            ],
            "description": "A simple Growl notifier for PHP5.3"
        },
        {
            "name": "symfony/browser-kit",
            "version": "dev-master",
            "target-dir": "Symfony/Component/BrowserKit",
            "source": {
                "type": "git",
                "url": "https://github.com/symfony/BrowserKit",
                "reference": "v2.1.0-RC1"
            },
            "dist": {
                "type": "zip",
                "url": "https://github.com/symfony/BrowserKit/zipball/v2.1.0-RC1",
                "reference": "v2.1.0-RC1",
                "shasum": ""
            },
            "require": {
                "symfony/dom-crawler": "2.1.*",
                "php": ">=5.3.3"
            },
            "require-dev": {
                "symfony/process": "2.1.*",
                "symfony/css-selector": "2.1.*"
            },
            "suggest": {
                "symfony/process": "dev-master"
            },
            "time": "1343564266",
            "type": "library",
            "extra": {
                "branch-alias": {
                    "dev-master": "2.1-dev"
                }
            },
            "installation-source": "source",
            "autoload": {
                "psr-0": {
                    "Symfony\\Component\\BrowserKit": ""
                }
            },
            "license": [
                "MIT"
            ],
            "authors": [
                {
                    "name": "Fabien Potencier",
                    "email": "fabien@symfony.com",
                    "homepage": null,
                    "role": null
                },
                {
                    "name": "Symfony Community",
                    "email": null,
                    "homepage": "http://symfony.com/contributors",
                    "role": null
                }
            ],
            "description": "Symfony BrowserKit Component",
            "homepage": "http://symfony.com"
        },
        {
            "name": "symfony/console",
            "version": "dev-master",
            "target-dir": "Symfony/Component/Console",
            "source": {
                "type": "git",
                "url": "https://github.com/symfony/Console",
                "reference": "3b66f1056f5ac37146d3b755964e8a43a205f2f5"
            },
            "dist": {
                "type": "zip",
                "url": "https://github.com/symfony/Console/zipball/3b66f1056f5ac37146d3b755964e8a43a205f2f5",
                "reference": "3b66f1056f5ac37146d3b755964e8a43a205f2f5",
                "shasum": ""
            },
            "require": {
                "php": ">=5.3.3"
            },
            "time": "1344349441",
            "type": "library",
            "extra": {
                "branch-alias": {
                    "dev-master": "2.1-dev"
                }
            },
            "installation-source": "source",
            "autoload": {
                "psr-0": {
                    "Symfony\\Component\\Console": ""
                }
            },
            "license": [
                "MIT"
            ],
            "authors": [
                {
                    "name": "Fabien Potencier",
                    "email": "fabien@symfony.com",
                    "homepage": null,
                    "role": null
                },
                {
                    "name": "Symfony Community",
                    "email": null,
                    "homepage": "http://symfony.com/contributors",
                    "role": null
                }
            ],
            "description": "Symfony Console Component",
            "homepage": "http://symfony.com"
        },
        {
            "name": "symfony/css-selector",
            "version": "dev-master",
            "target-dir": "Symfony/Component/CssSelector",
            "source": {
                "type": "git",
                "url": "https://github.com/symfony/CssSelector",
                "reference": "v2.1.0-RC1"
            },
            "dist": {
                "type": "zip",
                "url": "https://github.com/symfony/CssSelector/zipball/v2.1.0-RC1",
                "reference": "v2.1.0-RC1",
                "shasum": ""
            },
            "require": {
                "php": ">=5.3.3"
            },
            "time": "1342347231",
            "type": "library",
            "extra": {
                "branch-alias": {
                    "dev-master": "2.1-dev"
                }
            },
            "installation-source": "source",
            "autoload": {
                "psr-0": {
                    "Symfony\\Component\\CssSelector": ""
                }
            },
            "license": [
                "MIT"
            ],
            "authors": [
                {
                    "name": "Fabien Potencier",
                    "email": "fabien@symfony.com",
                    "homepage": null,
                    "role": null
                },
                {
                    "name": "Symfony Community",
                    "email": null,
                    "homepage": "http://symfony.com/contributors",
                    "role": null
                }
            ],
            "description": "Symfony CssSelector Component",
            "homepage": "http://symfony.com"
        },
        {
            "name": "symfony/dom-crawler",
            "version": "dev-master",
            "target-dir": "Symfony/Component/DomCrawler",
            "source": {
                "type": "git",
                "url": "https://github.com/symfony/DomCrawler",
                "reference": "v2.1.0-RC1"
            },
            "dist": {
                "type": "zip",
                "url": "https://github.com/symfony/DomCrawler/zipball/v2.1.0-RC1",
                "reference": "v2.1.0-RC1",
                "shasum": ""
            },
            "require": {
                "php": ">=5.3.3"
            },
            "require-dev": {
                "symfony/css-selector": "2.1.*"
            },
            "suggest": {
                "symfony/css-selector": "dev-master"
            },
            "time": "1342347231",
            "type": "library",
            "extra": {
                "branch-alias": {
                    "dev-master": "2.1-dev"
                }
            },
            "installation-source": "source",
            "autoload": {
                "psr-0": {
                    "Symfony\\Component\\DomCrawler": ""
                }
            },
            "license": [
                "MIT"
            ],
            "authors": [
                {
                    "name": "Fabien Potencier",
                    "email": "fabien@symfony.com",
                    "homepage": null,
                    "role": null
                },
                {
                    "name": "Symfony Community",
                    "email": null,
                    "homepage": "http://symfony.com/contributors",
                    "role": null
                }
            ],
            "description": "Symfony DomCrawler Component",
            "homepage": "http://symfony.com"
        },
        {
            "name": "symfony/event-dispatcher",
            "version": "dev-master",
            "target-dir": "Symfony/Component/EventDispatcher",
            "source": {
                "type": "git",
                "url": "https://github.com/symfony/EventDispatcher",
                "reference": "76c76f62702b09e0f182ae618be0f1d79e2a711f"
            },
            "dist": {
                "type": "zip",
                "url": "https://github.com/symfony/EventDispatcher/zipball/76c76f62702b09e0f182ae618be0f1d79e2a711f",
                "reference": "76c76f62702b09e0f182ae618be0f1d79e2a711f",
                "shasum": ""
            },
            "require": {
                "php": ">=5.3.3"
            },
            "require-dev": {
                "symfony/dependency-injection": "2.1.*"
            },
            "suggest": {
                "symfony/dependency-injection": "dev-master",
                "symfony/http-kernel": "dev-master"
            },
            "time": "1345066712",
            "type": "library",
            "extra": {
                "branch-alias": {
                    "dev-master": "2.1-dev"
                }
            },
            "installation-source": "source",
            "autoload": {
                "psr-0": {
                    "Symfony\\Component\\EventDispatcher": ""
                }
            },
            "license": [
                "MIT"
            ],
            "authors": [
                {
                    "name": "Fabien Potencier",
                    "email": "fabien@symfony.com",
                    "homepage": null,
                    "role": null
                },
                {
                    "name": "Symfony Community",
                    "email": null,
                    "homepage": "http://symfony.com/contributors",
                    "role": null
                }
            ],
            "description": "Symfony EventDispatcher Component",
            "homepage": "http://symfony.com"
        },
        {
            "name": "symfony/filesystem",
            "version": "dev-master",
            "target-dir": "Symfony/Component/Filesystem",
            "source": {
                "type": "git",
                "url": "https://github.com/symfony/Filesystem",
                "reference": "v2.1.0-RC1"
            },
            "dist": {
                "type": "zip",
                "url": "https://github.com/symfony/Filesystem/zipball/v2.1.0-RC1",
                "reference": "v2.1.0-RC1",
                "shasum": ""
            },
            "require": {
                "php": ">=5.3.3"
            },
            "time": "1343491637",
            "type": "library",
            "extra": {
                "branch-alias": {
                    "dev-master": "2.1-dev"
                }
            },
            "installation-source": "source",
            "autoload": {
                "psr-0": {
                    "Symfony\\Component\\Filesystem": ""
                }
            },
            "license": [
                "MIT"
            ],
            "authors": [
                {
                    "name": "Fabien Potencier",
                    "email": "fabien@symfony.com",
                    "homepage": null,
                    "role": null
                },
                {
                    "name": "Symfony Community",
                    "email": null,
                    "homepage": "http://symfony.com/contributors",
                    "role": null
                }
            ],
            "description": "Symfony Filesystem Component",
            "homepage": "http://symfony.com"
        },
        {
            "name": "symfony/finder",
            "version": "dev-master",
            "target-dir": "Symfony/Component/Finder",
            "source": {
                "type": "git",
                "url": "https://github.com/symfony/Finder",
                "reference": "1af11ab3a686f9c45f2a8d9d721d5717cdd5f1d6"
            },
            "dist": {
                "type": "zip",
                "url": "https://github.com/symfony/Finder/zipball/1af11ab3a686f9c45f2a8d9d721d5717cdd5f1d6",
                "reference": "1af11ab3a686f9c45f2a8d9d721d5717cdd5f1d6",
                "shasum": ""
            },
            "require": {
                "php": ">=5.3.3"
            },
            "time": "1345026762",
            "type": "library",
            "extra": {
                "branch-alias": {
                    "dev-master": "2.1-dev"
                }
            },
            "installation-source": "source",
            "autoload": {
                "psr-0": {
                    "Symfony\\Component\\Finder": ""
                }
            },
            "license": [
                "MIT"
            ],
            "authors": [
                {
                    "name": "Fabien Potencier",
                    "email": "fabien@symfony.com",
                    "homepage": null,
                    "role": null
                },
                {
                    "name": "Symfony Community",
                    "email": null,
                    "homepage": "http://symfony.com/contributors",
                    "role": null
                }
            ],
            "description": "Symfony Finder Component",
            "homepage": "http://symfony.com"
        },
        {
            "name": "symfony/process",
            "version": "dev-master",
            "target-dir": "Symfony/Component/Process",
            "source": {
                "type": "git",
                "url": "https://github.com/symfony/Process",
                "reference": "v2.1.0-RC1"
            },
            "dist": {
                "type": "zip",
                "url": "https://github.com/symfony/Process/zipball/v2.1.0-RC1",
                "reference": "v2.1.0-RC1",
                "shasum": ""
            },
            "require": {
                "php": ">=5.3.3"
            },
            "time": "1343512949",
            "type": "library",
            "extra": {
                "branch-alias": {
                    "dev-master": "2.1-dev"
                }
            },
            "installation-source": "source",
            "autoload": {
                "psr-0": {
                    "Symfony\\Component\\Process": ""
                }
            },
            "license": [
                "MIT"
            ],
            "authors": [
                {
                    "name": "Fabien Potencier",
                    "email": "fabien@symfony.com",
                    "homepage": null,
                    "role": null
                },
                {
                    "name": "Symfony Community",
                    "email": null,
                    "homepage": "http://symfony.com/contributors",
                    "role": null
                }
            ],
            "description": "Symfony Process Component",
            "homepage": "http://symfony.com"
        }
    ],
    "packages-dev": null,
    "aliases": [

    ],
    "minimum-stability": "stable",
    "stability-flags": {
        "fabpot/goutte": 20,
        "madalynn/growl": 20
    }
}
